// !$*UTF8*$!
{
	archiveVersion = 1;
	classes = {
	};
	objectVersion = 56;
	objects = {

/* Begin PBXBuildFile section */
		26734B292B5F05FD001176A4 /* WeatherAppiOSApp.swift in Sources */ = {isa = PBXBuildFile; fileRef = 26734B282B5F05FD001176A4 /* WeatherAppiOSApp.swift */; };
		26734B2B2B5F05FD001176A4 /* ContentView.swift in Sources */ = {isa = PBXBuildFile; fileRef = 26734B2A2B5F05FD001176A4 /* ContentView.swift */; };
		26734B2D2B5F0602001176A4 /* Assets.xcassets in Resources */ = {isa = PBXBuildFile; fileRef = 26734B2C2B5F0602001176A4 /* Assets.xcassets */; };
		26734B312B5F0602001176A4 /* Preview Assets.xcassets in Resources */ = {isa = PBXBuildFile; fileRef = 26734B302B5F0602001176A4 /* Preview Assets.xcassets */; };
		26734B3B2B5F0602001176A4 /* WeatherAppiOSTests.swift in Sources */ = {isa = PBXBuildFile; fileRef = 26734B3A2B5F0602001176A4 /* WeatherAppiOSTests.swift */; };
		26734B452B5F0602001176A4 /* WeatherAppiOSUITests.swift in Sources */ = {isa = PBXBuildFile; fileRef = 26734B442B5F0602001176A4 /* WeatherAppiOSUITests.swift */; };
		26734B472B5F0602001176A4 /* WeatherAppiOSUITestsLaunchTests.swift in Sources */ = {isa = PBXBuildFile; fileRef = 26734B462B5F0602001176A4 /* WeatherAppiOSUITestsLaunchTests.swift */; };
		26C52F8C2B6001F7008AE0A3 /* LocationManager.swift in Sources */ = {isa = PBXBuildFile; fileRef = 26C52F8B2B6001F7008AE0A3 /* LocationManager.swift */; };
		26C52F942B613408008AE0A3 /* WeatherModels.swift in Sources */ = {isa = PBXBuildFile; fileRef = 26C52F932B613408008AE0A3 /* WeatherModels.swift */; };
		26C52F962B6134D3008AE0A3 /* WeatherView.swift in Sources */ = {isa = PBXBuildFile; fileRef = 26C52F952B6134D3008AE0A3 /* WeatherView.swift */; };
		26C52F992B617676008AE0A3 /* WeatherData.swift in Sources */ = {isa = PBXBuildFile; fileRef = 26C52F982B617676008AE0A3 /* WeatherData.swift */; };
		26C52F9E2B629FBA008AE0A3 /* WeeklyModel.swift in Sources */ = {isa = PBXBuildFile; fileRef = 26C52F9D2B629FBA008AE0A3 /* WeeklyModel.swift */; };
		26C52FA12B62F786008AE0A3 /* CurrentModel.swift in Sources */ = {isa = PBXBuildFile; fileRef = 26C52FA02B62F786008AE0A3 /* CurrentModel.swift */; };
		26C52FA92B632770008AE0A3 /* WidgetKit.framework in Frameworks */ = {isa = PBXBuildFile; fileRef = 26C52FA82B632770008AE0A3 /* WidgetKit.framework */; };
		26C52FAB2B632770008AE0A3 /* SwiftUI.framework in Frameworks */ = {isa = PBXBuildFile; fileRef = 26C52FAA2B632770008AE0A3 /* SwiftUI.framework */; };
		26C52FB02B632770008AE0A3 /* WeatherAppWidgetLiveActivity.swift in Sources */ = {isa = PBXBuildFile; fileRef = 26C52FAF2B632770008AE0A3 /* WeatherAppWidgetLiveActivity.swift */; };
		26C52FB42B632772008AE0A3 /* Assets.xcassets in Resources */ = {isa = PBXBuildFile; fileRef = 26C52FB32B632772008AE0A3 /* Assets.xcassets */; };
		26C52FB82B632772008AE0A3 /* WeatherAppWidgetExtension.appex in Embed Foundation Extensions */ = {isa = PBXBuildFile; fileRef = 26C52FA62B63276F008AE0A3 /* WeatherAppWidgetExtension.appex */; settings = {ATTRIBUTES = (RemoveHeadersOnCopy, ); }; };
		26C52FC72B63D819008AE0A3 /* WeatherAppWidget.swift in Sources */ = {isa = PBXBuildFile; fileRef = 26C52FB12B632770008AE0A3 /* WeatherAppWidget.swift */; };
		26C52FC82B63D81E008AE0A3 /* WeatherAppWidgetBundle.swift in Sources */ = {isa = PBXBuildFile; fileRef = 26C52FAD2B632770008AE0A3 /* WeatherAppWidgetBundle.swift */; };
		26C52FC92B63DCAD008AE0A3 /* WeatherView.swift in Sources */ = {isa = PBXBuildFile; fileRef = 26C52F952B6134D3008AE0A3 /* WeatherView.swift */; };
		26C52FCA2B63DD35008AE0A3 /* LocationManager.swift in Sources */ = {isa = PBXBuildFile; fileRef = 26C52F8B2B6001F7008AE0A3 /* LocationManager.swift */; };
		26C52FCB2B63DD40008AE0A3 /* WeatherModels.swift in Sources */ = {isa = PBXBuildFile; fileRef = 26C52F932B613408008AE0A3 /* WeatherModels.swift */; };
		26C52FCC2B63DD43008AE0A3 /* WeeklyModel.swift in Sources */ = {isa = PBXBuildFile; fileRef = 26C52F9D2B629FBA008AE0A3 /* WeeklyModel.swift */; };
		26C52FCD2B63DD45008AE0A3 /* CurrentModel.swift in Sources */ = {isa = PBXBuildFile; fileRef = 26C52FA02B62F786008AE0A3 /* CurrentModel.swift */; };
		26C52FCE2B63DD48008AE0A3 /* WeatherData.swift in Sources */ = {isa = PBXBuildFile; fileRef = 26C52F982B617676008AE0A3 /* WeatherData.swift */; };
/* End PBXBuildFile section */

/* Begin PBXContainerItemProxy section */
		26734B372B5F0602001176A4 /* PBXContainerItemProxy */ = {
			isa = PBXContainerItemProxy;
			containerPortal = 26734B1D2B5F05FD001176A4 /* Project object */;
			proxyType = 1;
			remoteGlobalIDString = 26734B242B5F05FD001176A4;
			remoteInfo = WeatherAppiOS;
		};
		26734B412B5F0602001176A4 /* PBXContainerItemProxy */ = {
			isa = PBXContainerItemProxy;
			containerPortal = 26734B1D2B5F05FD001176A4 /* Project object */;
			proxyType = 1;
			remoteGlobalIDString = 26734B242B5F05FD001176A4;
			remoteInfo = WeatherAppiOS;
		};
		26C52FB62B632772008AE0A3 /* PBXContainerItemProxy */ = {
			isa = PBXContainerItemProxy;
			containerPortal = 26734B1D2B5F05FD001176A4 /* Project object */;
			proxyType = 1;
			remoteGlobalIDString = 26C52FA52B63276F008AE0A3;
			remoteInfo = WeatherAppWidgetExtension;
		};
/* End PBXContainerItemProxy section */

/* Begin PBXCopyFilesBuildPhase section */
		26C52FBC2B632772008AE0A3 /* Embed Foundation Extensions */ = {
			isa = PBXCopyFilesBuildPhase;
			buildActionMask = 2147483647;
			dstPath = "";
			dstSubfolderSpec = 13;
			files = (
				26C52FB82B632772008AE0A3 /* WeatherAppWidgetExtension.appex in Embed Foundation Extensions */,
			);
			name = "Embed Foundation Extensions";
			runOnlyForDeploymentPostprocessing = 0;
		};
/* End PBXCopyFilesBuildPhase section */

/* Begin PBXFileReference section */
		26734B252B5F05FD001176A4 /* WeatherAppiOS.app */ = {isa = PBXFileReference; explicitFileType = wrapper.application; includeInIndex = 0; path = WeatherAppiOS.app; sourceTree = BUILT_PRODUCTS_DIR; };
		26734B282B5F05FD001176A4 /* WeatherAppiOSApp.swift */ = {isa = PBXFileReference; lastKnownFileType = sourcecode.swift; path = WeatherAppiOSApp.swift; sourceTree = "<group>"; };
		26734B2A2B5F05FD001176A4 /* ContentView.swift */ = {isa = PBXFileReference; lastKnownFileType = sourcecode.swift; path = ContentView.swift; sourceTree = "<group>"; };
		26734B2C2B5F0602001176A4 /* Assets.xcassets */ = {isa = PBXFileReference; lastKnownFileType = folder.assetcatalog; path = Assets.xcassets; sourceTree = "<group>"; };
		26734B2E2B5F0602001176A4 /* WeatherAppiOS.entitlements */ = {isa = PBXFileReference; lastKnownFileType = text.plist.entitlements; path = WeatherAppiOS.entitlements; sourceTree = "<group>"; };
		26734B302B5F0602001176A4 /* Preview Assets.xcassets */ = {isa = PBXFileReference; lastKnownFileType = folder.assetcatalog; path = "Preview Assets.xcassets"; sourceTree = "<group>"; };
		26734B362B5F0602001176A4 /* WeatherAppiOSTests.xctest */ = {isa = PBXFileReference; explicitFileType = wrapper.cfbundle; includeInIndex = 0; path = WeatherAppiOSTests.xctest; sourceTree = BUILT_PRODUCTS_DIR; };
		26734B3A2B5F0602001176A4 /* WeatherAppiOSTests.swift */ = {isa = PBXFileReference; lastKnownFileType = sourcecode.swift; path = WeatherAppiOSTests.swift; sourceTree = "<group>"; };
		26734B402B5F0602001176A4 /* WeatherAppiOSUITests.xctest */ = {isa = PBXFileReference; explicitFileType = wrapper.cfbundle; includeInIndex = 0; path = WeatherAppiOSUITests.xctest; sourceTree = BUILT_PRODUCTS_DIR; };
		26734B442B5F0602001176A4 /* WeatherAppiOSUITests.swift */ = {isa = PBXFileReference; lastKnownFileType = sourcecode.swift; path = WeatherAppiOSUITests.swift; sourceTree = "<group>"; };
		26734B462B5F0602001176A4 /* WeatherAppiOSUITestsLaunchTests.swift */ = {isa = PBXFileReference; lastKnownFileType = sourcecode.swift; path = WeatherAppiOSUITestsLaunchTests.swift; sourceTree = "<group>"; };
		26C52F8B2B6001F7008AE0A3 /* LocationManager.swift */ = {isa = PBXFileReference; lastKnownFileType = sourcecode.swift; path = LocationManager.swift; sourceTree = "<group>"; };
		26C52F932B613408008AE0A3 /* WeatherModels.swift */ = {isa = PBXFileReference; lastKnownFileType = sourcecode.swift; path = WeatherModels.swift; sourceTree = "<group>"; };
		26C52F952B6134D3008AE0A3 /* WeatherView.swift */ = {isa = PBXFileReference; lastKnownFileType = sourcecode.swift; path = WeatherView.swift; sourceTree = "<group>"; };
		26C52F982B617676008AE0A3 /* WeatherData.swift */ = {isa = PBXFileReference; lastKnownFileType = sourcecode.swift; path = WeatherData.swift; sourceTree = "<group>"; };
		26C52F9D2B629FBA008AE0A3 /* WeeklyModel.swift */ = {isa = PBXFileReference; lastKnownFileType = sourcecode.swift; path = WeeklyModel.swift; sourceTree = "<group>"; };
		26C52FA02B62F786008AE0A3 /* CurrentModel.swift */ = {isa = PBXFileReference; lastKnownFileType = sourcecode.swift; path = CurrentModel.swift; sourceTree = "<group>"; };
		26C52FA62B63276F008AE0A3 /* WeatherAppWidgetExtension.appex */ = {isa = PBXFileReference; explicitFileType = "wrapper.app-extension"; includeInIndex = 0; path = WeatherAppWidgetExtension.appex; sourceTree = BUILT_PRODUCTS_DIR; };
		26C52FA82B632770008AE0A3 /* WidgetKit.framework */ = {isa = PBXFileReference; lastKnownFileType = wrapper.framework; name = WidgetKit.framework; path = System/Library/Frameworks/WidgetKit.framework; sourceTree = SDKROOT; };
		26C52FAA2B632770008AE0A3 /* SwiftUI.framework */ = {isa = PBXFileReference; lastKnownFileType = wrapper.framework; name = SwiftUI.framework; path = System/Library/Frameworks/SwiftUI.framework; sourceTree = SDKROOT; };
		26C52FAD2B632770008AE0A3 /* WeatherAppWidgetBundle.swift */ = {isa = PBXFileReference; lastKnownFileType = sourcecode.swift; path = WeatherAppWidgetBundle.swift; sourceTree = "<group>"; };
		26C52FAF2B632770008AE0A3 /* WeatherAppWidgetLiveActivity.swift */ = {isa = PBXFileReference; lastKnownFileType = sourcecode.swift; path = WeatherAppWidgetLiveActivity.swift; sourceTree = "<group>"; };
		26C52FB12B632770008AE0A3 /* WeatherAppWidget.swift */ = {isa = PBXFileReference; lastKnownFileType = sourcecode.swift; path = WeatherAppWidget.swift; sourceTree = "<group>"; };
		26C52FB32B632772008AE0A3 /* Assets.xcassets */ = {isa = PBXFileReference; lastKnownFileType = folder.assetcatalog; path = Assets.xcassets; sourceTree = "<group>"; };
		26C52FB52B632772008AE0A3 /* Info.plist */ = {isa = PBXFileReference; lastKnownFileType = text.plist.xml; path = Info.plist; sourceTree = "<group>"; };
		26C52FBD2B63C4B0008AE0A3 /* WeatherAppWidgetExtension.entitlements */ = {isa = PBXFileReference; lastKnownFileType = text.plist.entitlements; path = WeatherAppWidgetExtension.entitlements; sourceTree = "<group>"; };
/* End PBXFileReference section */

/* Begin PBXFrameworksBuildPhase section */
		26734B222B5F05FD001176A4 /* Frameworks */ = {
			isa = PBXFrameworksBuildPhase;
			buildActionMask = 2147483647;
			files = (
			);
			runOnlyForDeploymentPostprocessing = 0;
		};
		26734B332B5F0602001176A4 /* Frameworks */ = {
			isa = PBXFrameworksBuildPhase;
			buildActionMask = 2147483647;
			files = (
			);
			runOnlyForDeploymentPostprocessing = 0;
		};
		26734B3D2B5F0602001176A4 /* Frameworks */ = {
			isa = PBXFrameworksBuildPhase;
			buildActionMask = 2147483647;
			files = (
			);
			runOnlyForDeploymentPostprocessing = 0;
		};
		26C52FA32B63276F008AE0A3 /* Frameworks */ = {
			isa = PBXFrameworksBuildPhase;
			buildActionMask = 2147483647;
			files = (
				26C52FAB2B632770008AE0A3 /* SwiftUI.framework in Frameworks */,
				26C52FA92B632770008AE0A3 /* WidgetKit.framework in Frameworks */,
			);
			runOnlyForDeploymentPostprocessing = 0;
		};
/* End PBXFrameworksBuildPhase section */

/* Begin PBXGroup section */
		26734B1C2B5F05FD001176A4 = {
			isa = PBXGroup;
			children = (
				26C52FBD2B63C4B0008AE0A3 /* WeatherAppWidgetExtension.entitlements */,
				26734B272B5F05FD001176A4 /* WeatherAppiOS */,
				26734B392B5F0602001176A4 /* WeatherAppiOSTests */,
				26734B432B5F0602001176A4 /* WeatherAppiOSUITests */,
				26C52FAC2B632770008AE0A3 /* WeatherAppWidget */,
				26C52FA72B632770008AE0A3 /* Frameworks */,
				26734B262B5F05FD001176A4 /* Products */,
			);
			sourceTree = "<group>";
		};
		26734B262B5F05FD001176A4 /* Products */ = {
			isa = PBXGroup;
			children = (
				26734B252B5F05FD001176A4 /* WeatherAppiOS.app */,
				26734B362B5F0602001176A4 /* WeatherAppiOSTests.xctest */,
				26734B402B5F0602001176A4 /* WeatherAppiOSUITests.xctest */,
				26C52FA62B63276F008AE0A3 /* WeatherAppWidgetExtension.appex */,
			);
			name = Products;
			sourceTree = "<group>";
		};
		26734B272B5F05FD001176A4 /* WeatherAppiOS */ = {
			isa = PBXGroup;
			children = (
				26734B282B5F05FD001176A4 /* WeatherAppiOSApp.swift */,
				26C52F972B617626008AE0A3 /* Data */,
				26C52F9A2B617802008AE0A3 /* Models */,
				26C52F9B2B617930008AE0A3 /* Views */,
				26734B2C2B5F0602001176A4 /* Assets.xcassets */,
				26734B2E2B5F0602001176A4 /* WeatherAppiOS.entitlements */,
				26734B2F2B5F0602001176A4 /* Preview Content */,
				26C52F8B2B6001F7008AE0A3 /* LocationManager.swift */,
			);
			path = WeatherAppiOS;
			sourceTree = "<group>";
		};
		26734B2F2B5F0602001176A4 /* Preview Content */ = {
			isa = PBXGroup;
			children = (
				26734B302B5F0602001176A4 /* Preview Assets.xcassets */,
			);
			path = "Preview Content";
			sourceTree = "<group>";
		};
		26734B392B5F0602001176A4 /* WeatherAppiOSTests */ = {
			isa = PBXGroup;
			children = (
				26734B3A2B5F0602001176A4 /* WeatherAppiOSTests.swift */,
			);
			path = WeatherAppiOSTests;
			sourceTree = "<group>";
		};
		26734B432B5F0602001176A4 /* WeatherAppiOSUITests */ = {
			isa = PBXGroup;
			children = (
				26734B442B5F0602001176A4 /* WeatherAppiOSUITests.swift */,
				26734B462B5F0602001176A4 /* WeatherAppiOSUITestsLaunchTests.swift */,
			);
			path = WeatherAppiOSUITests;
			sourceTree = "<group>";
		};
		26C52F972B617626008AE0A3 /* Data */ = {
			isa = PBXGroup;
			children = (
				26C52F982B617676008AE0A3 /* WeatherData.swift */,
			);
			path = Data;
			sourceTree = "<group>";
		};
		26C52F9A2B617802008AE0A3 /* Models */ = {
			isa = PBXGroup;
			children = (
				26C52F932B613408008AE0A3 /* WeatherModels.swift */,
				26C52F9D2B629FBA008AE0A3 /* WeeklyModel.swift */,
				26C52FA02B62F786008AE0A3 /* CurrentModel.swift */,
			);
			path = Models;
			sourceTree = "<group>";
		};
		26C52F9B2B617930008AE0A3 /* Views */ = {
			isa = PBXGroup;
			children = (
				26734B2A2B5F05FD001176A4 /* ContentView.swift */,
				26C52F952B6134D3008AE0A3 /* WeatherView.swift */,
			);
			path = Views;
			sourceTree = "<group>";
		};
		26C52FA72B632770008AE0A3 /* Frameworks */ = {
			isa = PBXGroup;
			children = (
				26C52FA82B632770008AE0A3 /* WidgetKit.framework */,
				26C52FAA2B632770008AE0A3 /* SwiftUI.framework */,
			);
			name = Frameworks;
			sourceTree = "<group>";
		};
		26C52FAC2B632770008AE0A3 /* WeatherAppWidget */ = {
			isa = PBXGroup;
			children = (
				26C52FAD2B632770008AE0A3 /* WeatherAppWidgetBundle.swift */,
				26C52FB12B632770008AE0A3 /* WeatherAppWidget.swift */,
				26C52FAF2B632770008AE0A3 /* WeatherAppWidgetLiveActivity.swift */,
				26C52FB32B632772008AE0A3 /* Assets.xcassets */,
				26C52FB52B632772008AE0A3 /* Info.plist */,
			);
			path = WeatherAppWidget;
			sourceTree = "<group>";
		};
/* End PBXGroup section */

/* Begin PBXNativeTarget section */
		26734B242B5F05FD001176A4 /* WeatherAppiOS */ = {
			isa = PBXNativeTarget;
			buildConfigurationList = 26734B4A2B5F0602001176A4 /* Build configuration list for PBXNativeTarget "WeatherAppiOS" */;
			buildPhases = (
				26734B212B5F05FD001176A4 /* Sources */,
				26734B222B5F05FD001176A4 /* Frameworks */,
				26734B232B5F05FD001176A4 /* Resources */,
				26C52FBC2B632772008AE0A3 /* Embed Foundation Extensions */,
			);
			buildRules = (
			);
			dependencies = (
				26C52FB72B632772008AE0A3 /* PBXTargetDependency */,
			);
			name = WeatherAppiOS;
			productName = WeatherAppiOS;
			productReference = 26734B252B5F05FD001176A4 /* WeatherAppiOS.app */;
			productType = "com.apple.product-type.application";
		};
		26734B352B5F0602001176A4 /* WeatherAppiOSTests */ = {
			isa = PBXNativeTarget;
			buildConfigurationList = 26734B4D2B5F0602001176A4 /* Build configuration list for PBXNativeTarget "WeatherAppiOSTests" */;
			buildPhases = (
				26734B322B5F0602001176A4 /* Sources */,
				26734B332B5F0602001176A4 /* Frameworks */,
				26734B342B5F0602001176A4 /* Resources */,
			);
			buildRules = (
			);
			dependencies = (
				26734B382B5F0602001176A4 /* PBXTargetDependency */,
			);
			name = WeatherAppiOSTests;
			productName = WeatherAppiOSTests;
			productReference = 26734B362B5F0602001176A4 /* WeatherAppiOSTests.xctest */;
			productType = "com.apple.product-type.bundle.unit-test";
		};
		26734B3F2B5F0602001176A4 /* WeatherAppiOSUITests */ = {
			isa = PBXNativeTarget;
			buildConfigurationList = 26734B502B5F0602001176A4 /* Build configuration list for PBXNativeTarget "WeatherAppiOSUITests" */;
			buildPhases = (
				26734B3C2B5F0602001176A4 /* Sources */,
				26734B3D2B5F0602001176A4 /* Frameworks */,
				26734B3E2B5F0602001176A4 /* Resources */,
			);
			buildRules = (
			);
			dependencies = (
				26734B422B5F0602001176A4 /* PBXTargetDependency */,
			);
			name = WeatherAppiOSUITests;
			productName = WeatherAppiOSUITests;
			productReference = 26734B402B5F0602001176A4 /* WeatherAppiOSUITests.xctest */;
			productType = "com.apple.product-type.bundle.ui-testing";
		};
		26C52FA52B63276F008AE0A3 /* WeatherAppWidgetExtension */ = {
			isa = PBXNativeTarget;
			buildConfigurationList = 26C52FB92B632772008AE0A3 /* Build configuration list for PBXNativeTarget "WeatherAppWidgetExtension" */;
			buildPhases = (
				26C52FA22B63276F008AE0A3 /* Sources */,
				26C52FA32B63276F008AE0A3 /* Frameworks */,
				26C52FA42B63276F008AE0A3 /* Resources */,
			);
			buildRules = (
			);
			dependencies = (
			);
			name = WeatherAppWidgetExtension;
			productName = WeatherAppWidgetExtension;
			productReference = 26C52FA62B63276F008AE0A3 /* WeatherAppWidgetExtension.appex */;
			productType = "com.apple.product-type.app-extension";
		};
/* End PBXNativeTarget section */

/* Begin PBXProject section */
		26734B1D2B5F05FD001176A4 /* Project object */ = {
			isa = PBXProject;
			attributes = {
				BuildIndependentTargetsInParallel = 1;
				LastSwiftUpdateCheck = 1520;
				LastUpgradeCheck = 1420;
				TargetAttributes = {
					26734B242B5F05FD001176A4 = {
						CreatedOnToolsVersion = 14.2;
					};
					26734B352B5F0602001176A4 = {
						CreatedOnToolsVersion = 14.2;
						TestTargetID = 26734B242B5F05FD001176A4;
					};
					26734B3F2B5F0602001176A4 = {
						CreatedOnToolsVersion = 14.2;
						TestTargetID = 26734B242B5F05FD001176A4;
					};
					26C52FA52B63276F008AE0A3 = {
						CreatedOnToolsVersion = 15.2;
					};
				};
			};
			buildConfigurationList = 26734B202B5F05FD001176A4 /* Build configuration list for PBXProject "WeatherAppiOS" */;
			compatibilityVersion = "Xcode 14.0";
			developmentRegion = en;
			hasScannedForEncodings = 0;
			knownRegions = (
				en,
				Base,
			);
			mainGroup = 26734B1C2B5F05FD001176A4;
			productRefGroup = 26734B262B5F05FD001176A4 /* Products */;
			projectDirPath = "";
			projectRoot = "";
			targets = (
				26734B242B5F05FD001176A4 /* WeatherAppiOS */,
				26734B352B5F0602001176A4 /* WeatherAppiOSTests */,
				26734B3F2B5F0602001176A4 /* WeatherAppiOSUITests */,
				26C52FA52B63276F008AE0A3 /* WeatherAppWidgetExtension */,
			);
		};
/* End PBXProject section */

/* Begin PBXResourcesBuildPhase section */
		26734B232B5F05FD001176A4 /* Resources */ = {
			isa = PBXResourcesBuildPhase;
			buildActionMask = 2147483647;
			files = (
				26734B312B5F0602001176A4 /* Preview Assets.xcassets in Resources */,
				26734B2D2B5F0602001176A4 /* Assets.xcassets in Resources */,
			);
			runOnlyForDeploymentPostprocessing = 0;
		};
		26734B342B5F0602001176A4 /* Resources */ = {
			isa = PBXResourcesBuildPhase;
			buildActionMask = 2147483647;
			files = (
			);
			runOnlyForDeploymentPostprocessing = 0;
		};
		26734B3E2B5F0602001176A4 /* Resources */ = {
			isa = PBXResourcesBuildPhase;
			buildActionMask = 2147483647;
			files = (
			);
			runOnlyForDeploymentPostprocessing = 0;
		};
		26C52FA42B63276F008AE0A3 /* Resources */ = {
			isa = PBXResourcesBuildPhase;
			buildActionMask = 2147483647;
			files = (
				26C52FB42B632772008AE0A3 /* Assets.xcassets in Resources */,
			);
			runOnlyForDeploymentPostprocessing = 0;
		};
/* End PBXResourcesBuildPhase section */

/* Begin PBXSourcesBuildPhase section */
		26734B212B5F05FD001176A4 /* Sources */ = {
			isa = PBXSourcesBuildPhase;
			buildActionMask = 2147483647;
			files = (
				26C52F962B6134D3008AE0A3 /* WeatherView.swift in Sources */,
				26C52F9E2B629FBA008AE0A3 /* WeeklyModel.swift in Sources */,
				26C52FA12B62F786008AE0A3 /* CurrentModel.swift in Sources */,
				26C52F942B613408008AE0A3 /* WeatherModels.swift in Sources */,
				26C52F8C2B6001F7008AE0A3 /* LocationManager.swift in Sources */,
				26734B2B2B5F05FD001176A4 /* ContentView.swift in Sources */,
				26C52F992B617676008AE0A3 /* WeatherData.swift in Sources */,
				26734B292B5F05FD001176A4 /* WeatherAppiOSApp.swift in Sources */,
			);
			runOnlyForDeploymentPostprocessing = 0;
		};
		26734B322B5F0602001176A4 /* Sources */ = {
			isa = PBXSourcesBuildPhase;
			buildActionMask = 2147483647;
			files = (
				26734B3B2B5F0602001176A4 /* WeatherAppiOSTests.swift in Sources */,
			);
			runOnlyForDeploymentPostprocessing = 0;
		};
		26734B3C2B5F0602001176A4 /* Sources */ = {
			isa = PBXSourcesBuildPhase;
			buildActionMask = 2147483647;
			files = (
				26734B452B5F0602001176A4 /* WeatherAppiOSUITests.swift in Sources */,
				26734B472B5F0602001176A4 /* WeatherAppiOSUITestsLaunchTests.swift in Sources */,
			);
			runOnlyForDeploymentPostprocessing = 0;
		};
		26C52FA22B63276F008AE0A3 /* Sources */ = {
			isa = PBXSourcesBuildPhase;
			buildActionMask = 2147483647;
			files = (
				26C52FCC2B63DD43008AE0A3 /* WeeklyModel.swift in Sources */,
				26C52FCD2B63DD45008AE0A3 /* CurrentModel.swift in Sources */,
				26C52FC72B63D819008AE0A3 /* WeatherAppWidget.swift in Sources */,
				26C52FC82B63D81E008AE0A3 /* WeatherAppWidgetBundle.swift in Sources */,
				26C52FCA2B63DD35008AE0A3 /* LocationManager.swift in Sources */,
				26C52FB02B632770008AE0A3 /* WeatherAppWidgetLiveActivity.swift in Sources */,
				26C52FCB2B63DD40008AE0A3 /* WeatherModels.swift in Sources */,
				26C52FCE2B63DD48008AE0A3 /* WeatherData.swift in Sources */,
				26C52FC92B63DCAD008AE0A3 /* WeatherView.swift in Sources */,
			);
			runOnlyForDeploymentPostprocessing = 0;
		};
/* End PBXSourcesBuildPhase section */

/* Begin PBXTargetDependency section */
		26734B382B5F0602001176A4 /* PBXTargetDependency */ = {
			isa = PBXTargetDependency;
			target = 26734B242B5F05FD001176A4 /* WeatherAppiOS */;
			targetProxy = 26734B372B5F0602001176A4 /* PBXContainerItemProxy */;
		};
		26734B422B5F0602001176A4 /* PBXTargetDependency */ = {
			isa = PBXTargetDependency;
			target = 26734B242B5F05FD001176A4 /* WeatherAppiOS */;
			targetProxy = 26734B412B5F0602001176A4 /* PBXContainerItemProxy */;
		};
		26C52FB72B632772008AE0A3 /* PBXTargetDependency */ = {
			isa = PBXTargetDependency;
			target = 26C52FA52B63276F008AE0A3 /* WeatherAppWidgetExtension */;
			targetProxy = 26C52FB62B632772008AE0A3 /* PBXContainerItemProxy */;
		};
/* End PBXTargetDependency section */

/* Begin XCBuildConfiguration section */
		26734B482B5F0602001176A4 /* Debug */ = {
			isa = XCBuildConfiguration;
			buildSettings = {
				ALWAYS_SEARCH_USER_PATHS = NO;
				CLANG_ANALYZER_NONNULL = YES;
				CLANG_ANALYZER_NUMBER_OBJECT_CONVERSION = YES_AGGRESSIVE;
				CLANG_CXX_LANGUAGE_STANDARD = "gnu++20";
				CLANG_ENABLE_MODULES = YES;
				CLANG_ENABLE_OBJC_ARC = YES;
				CLANG_ENABLE_OBJC_WEAK = YES;
				CLANG_WARN_BLOCK_CAPTURE_AUTORELEASING = YES;
				CLANG_WARN_BOOL_CONVERSION = YES;
				CLANG_WARN_COMMA = YES;
				CLANG_WARN_CONSTANT_CONVERSION = YES;
				CLANG_WARN_DEPRECATED_OBJC_IMPLEMENTATIONS = YES;
				CLANG_WARN_DIRECT_OBJC_ISA_USAGE = YES_ERROR;
				CLANG_WARN_DOCUMENTATION_COMMENTS = YES;
				CLANG_WARN_EMPTY_BODY = YES;
				CLANG_WARN_ENUM_CONVERSION = YES;
				CLANG_WARN_INFINITE_RECURSION = YES;
				CLANG_WARN_INT_CONVERSION = YES;
				CLANG_WARN_NON_LITERAL_NULL_CONVERSION = YES;
				CLANG_WARN_OBJC_IMPLICIT_RETAIN_SELF = YES;
				CLANG_WARN_OBJC_LITERAL_CONVERSION = YES;
				CLANG_WARN_OBJC_ROOT_CLASS = YES_ERROR;
				CLANG_WARN_QUOTED_INCLUDE_IN_FRAMEWORK_HEADER = YES;
				CLANG_WARN_RANGE_LOOP_ANALYSIS = YES;
				CLANG_WARN_STRICT_PROTOTYPES = YES;
				CLANG_WARN_SUSPICIOUS_MOVE = YES;
				CLANG_WARN_UNGUARDED_AVAILABILITY = YES_AGGRESSIVE;
				CLANG_WARN_UNREACHABLE_CODE = YES;
				CLANG_WARN__DUPLICATE_METHOD_MATCH = YES;
				COPY_PHASE_STRIP = NO;
				DEBUG_INFORMATION_FORMAT = dwarf;
				ENABLE_STRICT_OBJC_MSGSEND = YES;
				ENABLE_TESTABILITY = YES;
				GCC_C_LANGUAGE_STANDARD = gnu11;
				GCC_DYNAMIC_NO_PIC = NO;
				GCC_NO_COMMON_BLOCKS = YES;
				GCC_OPTIMIZATION_LEVEL = 0;
				GCC_PREPROCESSOR_DEFINITIONS = (
					"DEBUG=1",
					"$(inherited)",
				);
				GCC_WARN_64_TO_32_BIT_CONVERSION = YES;
				GCC_WARN_ABOUT_RETURN_TYPE = YES_ERROR;
				GCC_WARN_UNDECLARED_SELECTOR = YES;
				GCC_WARN_UNINITIALIZED_AUTOS = YES_AGGRESSIVE;
				GCC_WARN_UNUSED_FUNCTION = YES;
				GCC_WARN_UNUSED_VARIABLE = YES;
				IPHONEOS_DEPLOYMENT_TARGET = 17.0;
				MTL_ENABLE_DEBUG_INFO = INCLUDE_SOURCE;
				MTL_FAST_MATH = YES;
				ONLY_ACTIVE_ARCH = YES;
				SWIFT_ACTIVE_COMPILATION_CONDITIONS = DEBUG;
				SWIFT_OPTIMIZATION_LEVEL = "-Onone";
			};
			name = Debug;
		};
		26734B492B5F0602001176A4 /* Release */ = {
			isa = XCBuildConfiguration;
			buildSettings = {
				ALWAYS_SEARCH_USER_PATHS = NO;
				CLANG_ANALYZER_NONNULL = YES;
				CLANG_ANALYZER_NUMBER_OBJECT_CONVERSION = YES_AGGRESSIVE;
				CLANG_CXX_LANGUAGE_STANDARD = "gnu++20";
				CLANG_ENABLE_MODULES = YES;
				CLANG_ENABLE_OBJC_ARC = YES;
				CLANG_ENABLE_OBJC_WEAK = YES;
				CLANG_WARN_BLOCK_CAPTURE_AUTORELEASING = YES;
				CLANG_WARN_BOOL_CONVERSION = YES;
				CLANG_WARN_COMMA = YES;
				CLANG_WARN_CONSTANT_CONVERSION = YES;
				CLANG_WARN_DEPRECATED_OBJC_IMPLEMENTATIONS = YES;
				CLANG_WARN_DIRECT_OBJC_ISA_USAGE = YES_ERROR;
				CLANG_WARN_DOCUMENTATION_COMMENTS = YES;
				CLANG_WARN_EMPTY_BODY = YES;
				CLANG_WARN_ENUM_CONVERSION = YES;
				CLANG_WARN_INFINITE_RECURSION = YES;
				CLANG_WARN_INT_CONVERSION = YES;
				CLANG_WARN_NON_LITERAL_NULL_CONVERSION = YES;
				CLANG_WARN_OBJC_IMPLICIT_RETAIN_SELF = YES;
				CLANG_WARN_OBJC_LITERAL_CONVERSION = YES;
				CLANG_WARN_OBJC_ROOT_CLASS = YES_ERROR;
				CLANG_WARN_QUOTED_INCLUDE_IN_FRAMEWORK_HEADER = YES;
				CLANG_WARN_RANGE_LOOP_ANALYSIS = YES;
				CLANG_WARN_STRICT_PROTOTYPES = YES;
				CLANG_WARN_SUSPICIOUS_MOVE = YES;
				CLANG_WARN_UNGUARDED_AVAILABILITY = YES_AGGRESSIVE;
				CLANG_WARN_UNREACHABLE_CODE = YES;
				CLANG_WARN__DUPLICATE_METHOD_MATCH = YES;
				COPY_PHASE_STRIP = NO;
				DEBUG_INFORMATION_FORMAT = "dwarf-with-dsym";
				ENABLE_NS_ASSERTIONS = NO;
				ENABLE_STRICT_OBJC_MSGSEND = YES;
				GCC_C_LANGUAGE_STANDARD = gnu11;
				GCC_NO_COMMON_BLOCKS = YES;
				GCC_WARN_64_TO_32_BIT_CONVERSION = YES;
				GCC_WARN_ABOUT_RETURN_TYPE = YES_ERROR;
				GCC_WARN_UNDECLARED_SELECTOR = YES;
				GCC_WARN_UNINITIALIZED_AUTOS = YES_AGGRESSIVE;
				GCC_WARN_UNUSED_FUNCTION = YES;
				GCC_WARN_UNUSED_VARIABLE = YES;
				IPHONEOS_DEPLOYMENT_TARGET = 17.0;
				MTL_ENABLE_DEBUG_INFO = NO;
				MTL_FAST_MATH = YES;
				SWIFT_COMPILATION_MODE = wholemodule;
				SWIFT_OPTIMIZATION_LEVEL = "-O";
			};
			name = Release;
		};
		26734B4B2B5F0602001176A4 /* Debug */ = {
			isa = XCBuildConfiguration;
			buildSettings = {
				ALWAYS_EMBED_SWIFT_STANDARD_LIBRARIES = YES;
				ASSETCATALOG_COMPILER_APPICON_NAME = AppIcon;
				ASSETCATALOG_COMPILER_GLOBAL_ACCENT_COLOR_NAME = AccentColor;
				CODE_SIGN_ENTITLEMENTS = WeatherAppiOS/WeatherAppiOS.entitlements;
				CODE_SIGN_IDENTITY = "Apple Development";
				CODE_SIGN_STYLE = Automatic;
				CURRENT_PROJECT_VERSION = 1;
				DEVELOPMENT_ASSET_PATHS = "\"WeatherAppiOS/Preview Content\"";
				DEVELOPMENT_TEAM = 73XVA8XTP6;
				ENABLE_PREVIEWS = YES;
				GENERATE_INFOPLIST_FILE = YES;
				INFOPLIST_KEY_NSLocationWhenInUseUsageDescription = "Show the user location";
				"INFOPLIST_KEY_UIApplicationSceneManifest_Generation[sdk=iphoneos*]" = YES;
				"INFOPLIST_KEY_UIApplicationSceneManifest_Generation[sdk=iphonesimulator*]" = YES;
				"INFOPLIST_KEY_UIApplicationSupportsIndirectInputEvents[sdk=iphoneos*]" = YES;
				"INFOPLIST_KEY_UIApplicationSupportsIndirectInputEvents[sdk=iphonesimulator*]" = YES;
				"INFOPLIST_KEY_UILaunchScreen_Generation[sdk=iphoneos*]" = YES;
				"INFOPLIST_KEY_UILaunchScreen_Generation[sdk=iphonesimulator*]" = YES;
				"INFOPLIST_KEY_UIStatusBarStyle[sdk=iphoneos*]" = UIStatusBarStyleDefault;
				"INFOPLIST_KEY_UIStatusBarStyle[sdk=iphonesimulator*]" = UIStatusBarStyleDefault;
				INFOPLIST_KEY_UISupportedInterfaceOrientations_iPad = "UIInterfaceOrientationPortrait UIInterfaceOrientationPortraitUpsideDown UIInterfaceOrientationLandscapeLeft UIInterfaceOrientationLandscapeRight";
				INFOPLIST_KEY_UISupportedInterfaceOrientations_iPhone = "UIInterfaceOrientationPortrait UIInterfaceOrientationLandscapeLeft UIInterfaceOrientationLandscapeRight";
				IPHONEOS_DEPLOYMENT_TARGET = 17.2;
				LD_RUNPATH_SEARCH_PATHS = "@executable_path/Frameworks";
				"LD_RUNPATH_SEARCH_PATHS[sdk=macosx*]" = "@executable_path/../Frameworks";
				MACOSX_DEPLOYMENT_TARGET = 12.6;
				MARKETING_VERSION = 1.0;
				PRODUCT_BUNDLE_IDENTIFIER = edvinmujanovic.se.demo.WeatherAppiOS;
				PRODUCT_NAME = "$(TARGET_NAME)";
				PROVISIONING_PROFILE_SPECIFIER = "";
				SDKROOT = auto;
				SUPPORTED_PLATFORMS = "iphoneos iphonesimulator macosx";
				SWIFT_EMIT_LOC_STRINGS = YES;
				SWIFT_VERSION = 5.0;
				TARGETED_DEVICE_FAMILY = "1,2";
			};
			name = Debug;
		};
		26734B4C2B5F0602001176A4 /* Release */ = {
			isa = XCBuildConfiguration;
			buildSettings = {
				ALWAYS_EMBED_SWIFT_STANDARD_LIBRARIES = YES;
				ASSETCATALOG_COMPILER_APPICON_NAME = AppIcon;
				ASSETCATALOG_COMPILER_GLOBAL_ACCENT_COLOR_NAME = AccentColor;
				CODE_SIGN_ENTITLEMENTS = WeatherAppiOS/WeatherAppiOS.entitlements;
				CODE_SIGN_IDENTITY = "Apple Development";
				CODE_SIGN_STYLE = Automatic;
				CURRENT_PROJECT_VERSION = 1;
				DEVELOPMENT_ASSET_PATHS = "\"WeatherAppiOS/Preview Content\"";
				DEVELOPMENT_TEAM = 73XVA8XTP6;
				ENABLE_PREVIEWS = YES;
				GENERATE_INFOPLIST_FILE = YES;
				INFOPLIST_KEY_NSLocationWhenInUseUsageDescription = "Show the user location";
				"INFOPLIST_KEY_UIApplicationSceneManifest_Generation[sdk=iphoneos*]" = YES;
				"INFOPLIST_KEY_UIApplicationSceneManifest_Generation[sdk=iphonesimulator*]" = YES;
				"INFOPLIST_KEY_UIApplicationSupportsIndirectInputEvents[sdk=iphoneos*]" = YES;
				"INFOPLIST_KEY_UIApplicationSupportsIndirectInputEvents[sdk=iphonesimulator*]" = YES;
				"INFOPLIST_KEY_UILaunchScreen_Generation[sdk=iphoneos*]" = YES;
				"INFOPLIST_KEY_UILaunchScreen_Generation[sdk=iphonesimulator*]" = YES;
				"INFOPLIST_KEY_UIStatusBarStyle[sdk=iphoneos*]" = UIStatusBarStyleDefault;
				"INFOPLIST_KEY_UIStatusBarStyle[sdk=iphonesimulator*]" = UIStatusBarStyleDefault;
				INFOPLIST_KEY_UISupportedInterfaceOrientations_iPad = "UIInterfaceOrientationPortrait UIInterfaceOrientationPortraitUpsideDown UIInterfaceOrientationLandscapeLeft UIInterfaceOrientationLandscapeRight";
				INFOPLIST_KEY_UISupportedInterfaceOrientations_iPhone = "UIInterfaceOrientationPortrait UIInterfaceOrientationLandscapeLeft UIInterfaceOrientationLandscapeRight";
				IPHONEOS_DEPLOYMENT_TARGET = 17.2;
				LD_RUNPATH_SEARCH_PATHS = "@executable_path/Frameworks";
				"LD_RUNPATH_SEARCH_PATHS[sdk=macosx*]" = "@executable_path/../Frameworks";
				MACOSX_DEPLOYMENT_TARGET = 12.6;
				MARKETING_VERSION = 1.0;
				PRODUCT_BUNDLE_IDENTIFIER = edvinmujanovic.se.demo.WeatherAppiOS;
				PRODUCT_NAME = "$(TARGET_NAME)";
				PROVISIONING_PROFILE_SPECIFIER = "";
				SDKROOT = auto;
				SUPPORTED_PLATFORMS = "iphoneos iphonesimulator macosx";
				SWIFT_EMIT_LOC_STRINGS = YES;
				SWIFT_VERSION = 5.0;
				TARGETED_DEVICE_FAMILY = "1,2";
			};
			name = Release;
		};
		26734B4E2B5F0602001176A4 /* Debug */ = {
			isa = XCBuildConfiguration;
			buildSettings = {
				ALWAYS_EMBED_SWIFT_STANDARD_LIBRARIES = YES;
				BUNDLE_LOADER = "$(TEST_HOST)";
				CODE_SIGN_STYLE = Automatic;
				CURRENT_PROJECT_VERSION = 1;
				GENERATE_INFOPLIST_FILE = YES;
				IPHONEOS_DEPLOYMENT_TARGET = 16.2;
				MACOSX_DEPLOYMENT_TARGET = 12.6;
				MARKETING_VERSION = 1.0;
				PRODUCT_BUNDLE_IDENTIFIER = edvinmujanovic.se.demo.WeatherAppiOSTests;
				PRODUCT_NAME = "$(TARGET_NAME)";
				SDKROOT = auto;
				SUPPORTED_PLATFORMS = "iphoneos iphonesimulator macosx";
				SWIFT_EMIT_LOC_STRINGS = NO;
				SWIFT_VERSION = 5.0;
				TARGETED_DEVICE_FAMILY = "1,2";
				TEST_HOST = "$(BUILT_PRODUCTS_DIR)/WeatherAppiOS.app/$(BUNDLE_EXECUTABLE_FOLDER_PATH)/WeatherAppiOS";
			};
			name = Debug;
		};
		26734B4F2B5F0602001176A4 /* Release */ = {
			isa = XCBuildConfiguration;
			buildSettings = {
				ALWAYS_EMBED_SWIFT_STANDARD_LIBRARIES = YES;
				BUNDLE_LOADER = "$(TEST_HOST)";
				CODE_SIGN_STYLE = Automatic;
				CURRENT_PROJECT_VERSION = 1;
				GENERATE_INFOPLIST_FILE = YES;
				IPHONEOS_DEPLOYMENT_TARGET = 16.2;
				MACOSX_DEPLOYMENT_TARGET = 12.6;
				MARKETING_VERSION = 1.0;
				PRODUCT_BUNDLE_IDENTIFIER = edvinmujanovic.se.demo.WeatherAppiOSTests;
				PRODUCT_NAME = "$(TARGET_NAME)";
				SDKROOT = auto;
				SUPPORTED_PLATFORMS = "iphoneos iphonesimulator macosx";
				SWIFT_EMIT_LOC_STRINGS = NO;
				SWIFT_VERSION = 5.0;
				TARGETED_DEVICE_FAMILY = "1,2";
				TEST_HOST = "$(BUILT_PRODUCTS_DIR)/WeatherAppiOS.app/$(BUNDLE_EXECUTABLE_FOLDER_PATH)/WeatherAppiOS";
			};
			name = Release;
		};
		26734B512B5F0602001176A4 /* Debug */ = {
			isa = XCBuildConfiguration;
			buildSettings = {
				ALWAYS_EMBED_SWIFT_STANDARD_LIBRARIES = YES;
				CODE_SIGN_STYLE = Automatic;
				CURRENT_PROJECT_VERSION = 1;
				GENERATE_INFOPLIST_FILE = YES;
				IPHONEOS_DEPLOYMENT_TARGET = 16.2;
				MACOSX_DEPLOYMENT_TARGET = 12.6;
				MARKETING_VERSION = 1.0;
				PRODUCT_BUNDLE_IDENTIFIER = edvinmujanovic.se.demo.WeatherAppiOSUITests;
				PRODUCT_NAME = "$(TARGET_NAME)";
				SDKROOT = auto;
				SUPPORTED_PLATFORMS = "iphoneos iphonesimulator macosx";
				SWIFT_EMIT_LOC_STRINGS = NO;
				SWIFT_VERSION = 5.0;
				TARGETED_DEVICE_FAMILY = "1,2";
				TEST_TARGET_NAME = WeatherAppiOS;
			};
			name = Debug;
		};
		26734B522B5F0602001176A4 /* Release */ = {
			isa = XCBuildConfiguration;
			buildSettings = {
				ALWAYS_EMBED_SWIFT_STANDARD_LIBRARIES = YES;
				CODE_SIGN_STYLE = Automatic;
				CURRENT_PROJECT_VERSION = 1;
				GENERATE_INFOPLIST_FILE = YES;
				IPHONEOS_DEPLOYMENT_TARGET = 16.2;
				MACOSX_DEPLOYMENT_TARGET = 12.6;
				MARKETING_VERSION = 1.0;
				PRODUCT_BUNDLE_IDENTIFIER = edvinmujanovic.se.demo.WeatherAppiOSUITests;
				PRODUCT_NAME = "$(TARGET_NAME)";
				SDKROOT = auto;
				SUPPORTED_PLATFORMS = "iphoneos iphonesimulator macosx";
				SWIFT_EMIT_LOC_STRINGS = NO;
				SWIFT_VERSION = 5.0;
				TARGETED_DEVICE_FAMILY = "1,2";
				TEST_TARGET_NAME = WeatherAppiOS;
			};
			name = Release;
		};
		26C52FBA2B632772008AE0A3 /* Debug */ = {
			isa = XCBuildConfiguration;
			buildSettings = {
				ASSETCATALOG_COMPILER_GENERATE_SWIFT_ASSET_SYMBOL_EXTENSIONS = YES;
				ASSETCATALOG_COMPILER_GLOBAL_ACCENT_COLOR_NAME = AccentColor;
				ASSETCATALOG_COMPILER_WIDGET_BACKGROUND_COLOR_NAME = WidgetBackground;
				CODE_SIGN_ENTITLEMENTS = WeatherAppWidgetExtension.entitlements;
				CODE_SIGN_STYLE = Automatic;
				CURRENT_PROJECT_VERSION = 1;
				DEVELOPMENT_TEAM = 73XVA8XTP6;
				ENABLE_USER_SCRIPT_SANDBOXING = YES;
				GCC_C_LANGUAGE_STANDARD = gnu17;
				GENERATE_INFOPLIST_FILE = YES;
				INFOPLIST_FILE = WeatherAppWidget/Info.plist;
				INFOPLIST_KEY_CFBundleDisplayName = WeatherAppWidget;
				INFOPLIST_KEY_NSHumanReadableCopyright = "";
				IPHONEOS_DEPLOYMENT_TARGET = 17.2;
				LD_RUNPATH_SEARCH_PATHS = (
					"$(inherited)",
					"@executable_path/Frameworks",
					"@executable_path/../../Frameworks",
				);
				LOCALIZATION_PREFERS_STRING_CATALOGS = YES;
				MARKETING_VERSION = 1.0;
				PRODUCT_BUNDLE_IDENTIFIER = edvinmujanovic.se.demo.WeatherAppiOS.WeatherAppWidget;
				PRODUCT_NAME = "$(TARGET_NAME)";
				SDKROOT = iphoneos;
				SKIP_INSTALL = YES;
				SWIFT_ACTIVE_COMPILATION_CONDITIONS = "DEBUG $(inherited)";
				SWIFT_EMIT_LOC_STRINGS = YES;
				SWIFT_VERSION = 5.0;
				TARGETED_DEVICE_FAMILY = "1,2";
			};
			name = Debug;
		};
		26C52FBB2B632772008AE0A3 /* Release */ = {
			isa = XCBuildConfiguration;
			buildSettings = {
				ASSETCATALOG_COMPILER_GENERATE_SWIFT_ASSET_SYMBOL_EXTENSIONS = YES;
				ASSETCATALOG_COMPILER_GLOBAL_ACCENT_COLOR_NAME = AccentColor;
				ASSETCATALOG_COMPILER_WIDGET_BACKGROUND_COLOR_NAME = WidgetBackground;
				CODE_SIGN_ENTITLEMENTS = WeatherAppWidgetExtension.entitlements;
				CODE_SIGN_STYLE = Automatic;
				CURRENT_PROJECT_VERSION = 1;
				DEVELOPMENT_TEAM = 73XVA8XTP6;
				ENABLE_USER_SCRIPT_SANDBOXING = YES;
				GCC_C_LANGUAGE_STANDARD = gnu17;
				GENERATE_INFOPLIST_FILE = YES;
				INFOPLIST_FILE = WeatherAppWidget/Info.plist;
				INFOPLIST_KEY_CFBundleDisplayName = WeatherAppWidget;
				INFOPLIST_KEY_NSHumanReadableCopyright = "";
				IPHONEOS_DEPLOYMENT_TARGET = 17.2;
				LD_RUNPATH_SEARCH_PATHS = (
					"$(inherited)",
					"@executable_path/Frameworks",
					"@executable_path/../../Frameworks",
				);
				LOCALIZATION_PREFERS_STRING_CATALOGS = YES;
				MARKETING_VERSION = 1.0;
				PRODUCT_BUNDLE_IDENTIFIER = edvinmujanovic.se.demo.WeatherAppiOS.WeatherAppWidget;
				PRODUCT_NAME = "$(TARGET_NAME)";
				SDKROOT = iphoneos;
				SKIP_INSTALL = YES;
				SWIFT_EMIT_LOC_STRINGS = YES;
				SWIFT_VERSION = 5.0;
				TARGETED_DEVICE_FAMILY = "1,2";
				VALIDATE_PRODUCT = YES;
			};
			name = Release;
		};
/* End XCBuildConfiguration section */

/* Begin XCConfigurationList section */
		26734B202B5F05FD001176A4 /* Build configuration list for PBXProject "WeatherAppiOS" */ = {
			isa = XCConfigurationList;
			buildConfigurations = (
				26734B482B5F0602001176A4 /* Debug */,
				26734B492B5F0602001176A4 /* Release */,
			);
			defaultConfigurationIsVisible = 0;
			defaultConfigurationName = Release;
		};
		26734B4A2B5F0602001176A4 /* Build configuration list for PBXNativeTarget "WeatherAppiOS" */ = {
			isa = XCConfigurationList;
			buildConfigurations = (
				26734B4B2B5F0602001176A4 /* Debug */,
				26734B4C2B5F0602001176A4 /* Release */,
			);
			defaultConfigurationIsVisible = 0;
			defaultConfigurationName = Release;
		};
		26734B4D2B5F0602001176A4 /* Build configuration list for PBXNativeTarget "WeatherAppiOSTests" */ = {
			isa = XCConfigurationList;
			buildConfigurations = (
				26734B4E2B5F0602001176A4 /* Debug */,
				26734B4F2B5F0602001176A4 /* Release */,
			);
			defaultConfigurationIsVisible = 0;
			defaultConfigurationName = Release;
		};
		26734B502B5F0602001176A4 /* Build configuration list for PBXNativeTarget "WeatherAppiOSUITests" */ = {
			isa = XCConfigurationList;
			buildConfigurations = (
				26734B512B5F0602001176A4 /* Debug */,
				26734B522B5F0602001176A4 /* Release */,
			);
			defaultConfigurationIsVisible = 0;
			defaultConfigurationName = Release;
		};
		26C52FB92B632772008AE0A3 /* Build configuration list for PBXNativeTarget "WeatherAppWidgetExtension" */ = {
			isa = XCConfigurationList;
			buildConfigurations = (
				26C52FBA2B632772008AE0A3 /* Debug */,
				26C52FBB2B632772008AE0A3 /* Release */,
			);
			defaultConfigurationIsVisible = 0;
			defaultConfigurationName = Release;
		};
/* End XCConfigurationList section */
	};
	rootObject = 26734B1D2B5F05FD001176A4 /* Project object */;
}
